
Microsoft Visual Studio Solution File, Format Version 12.00
# Visual Studio Version 17
VisualStudioVersion = 17.11.35327.3
MinimumVisualStudioVersion = 10.0.40219.1
Project("{FAE04EC0-301F-11D3-BF4B-00C04F79EFBC}") = "FlashCardApplication.Server", "FlashCardApplication.Server\FlashCardApplication.Server.csproj", "{00800556-BDEA-425C-8690-DFB7066AC885}"
EndProject
Project("{54A90642-561A-4BB1-A94E-469ADEE60C69}") = "flashcardapplication.client", "flashcardapplication.client\flashcardapplication.client.esproj", "{3D5DB9AA-7D0B-44B1-AC62-5FCBF98C8D2E}"
EndProject
Global
	GlobalSection(SolutionConfigurationPlatforms) = preSolution
		Debug|Any CPU = Debug|Any CPU
		Release|Any CPU = Release|Any CPU
	EndGlobalSection
	GlobalSection(ProjectConfigurationPlatforms) = postSolution
		{00800556-BDEA-425C-8690-DFB7066AC885}.Debug|Any CPU.ActiveCfg = Debug|Any CPU
		{00800556-BDEA-425C-8690-DFB7066AC885}.Debug|Any CPU.Build.0 = Debug|Any CPU
		{00800556-BDEA-425C-8690-DFB7066AC885}.Release|Any CPU.ActiveCfg = Release|Any CPU
		{00800556-BDEA-425C-8690-DFB7066AC885}.Release|Any CPU.Build.0 = Release|Any CPU
		{3D5DB9AA-7D0B-44B1-AC62-5FCBF98C8D2E}.Debug|Any CPU.ActiveCfg = Debug|Any CPU
		{3D5DB9AA-7D0B-44B1-AC62-5FCBF98C8D2E}.Debug|Any CPU.Build.0 = Debug|Any CPU
		{3D5DB9AA-7D0B-44B1-AC62-5FCBF98C8D2E}.Debug|Any CPU.Deploy.0 = Debug|Any CPU
		{3D5DB9AA-7D0B-44B1-AC62-5FCBF98C8D2E}.Release|Any CPU.ActiveCfg = Release|Any CPU
		{3D5DB9AA-7D0B-44B1-AC62-5FCBF98C8D2E}.Release|Any CPU.Build.0 = Release|Any CPU
		{3D5DB9AA-7D0B-44B1-AC62-5FCBF98C8D2E}.Release|Any CPU.Deploy.0 = Release|Any CPU
	EndGlobalSection
	GlobalSection(SolutionProperties) = preSolution
		HideSolutionNode = FALSE
	EndGlobalSection
	GlobalSection(ExtensibilityGlobals) = postSolution
		SolutionGuid = {541CD76D-EDAC-469F-B035-52DBF3968EBB}
	EndGlobalSection
EndGlobal
